
Microsoft Visual Studio Solution File, Format Version 12.00
# Visual Studio Version 16
VisualStudioVersion = 16.0.31829.152
MinimumVisualStudioVersion = 10.0.40219.1
Project("{FAE04EC0-301F-11D3-BF4B-00C04F79EFBC}") = "HTC_Store", "HTC_Store.csproj", "{F9A1ADC7-E4DB-4B9F-B4F9-65055E42C1D4}"
EndProject
Global
	GlobalSection(SolutionConfigurationPlatforms) = preSolution
		Debug|Any CPU = Debug|Any CPU
		Release|Any CPU = Release|Any CPU
	EndGlobalSection
	GlobalSection(ProjectConfigurationPlatforms) = postSolution
		{F9A1ADC7-E4DB-4B9F-B4F9-65055E42C1D4}.Debug|Any CPU.ActiveCfg = Debug|Any CPU
		{F9A1ADC7-E4DB-4B9F-B4F9-65055E42C1D4}.Debug|Any CPU.Build.0 = Debug|Any CPU
		{F9A1ADC7-E4DB-4B9F-B4F9-65055E42C1D4}.Release|Any CPU.ActiveCfg = Release|Any CPU
		{F9A1ADC7-E4DB-4B9F-B4F9-65055E42C1D4}.Release|Any CPU.Build.0 = Release|Any CPU
	EndGlobalSection
	GlobalSection(SolutionProperties) = preSolution
		HideSolutionNode = FALSE
	EndGlobalSection
	GlobalSection(ExtensibilityGlobals) = postSolution
		SolutionGuid = {9056F841-BE15-4268-82A6-6711D541ED46}
	EndGlobalSection
EndGlobal
